{
  "name": "hitchy-server-dev-tools",
  "version": "0.1.2",
  "lockfileVersion": 1,
  "requires": true,
  "dependencies": {
    "@types/node": {
      "version": "12.7.8",
      "resolved": "https://registry.npmjs.org/@types/node/-/node-12.7.8.tgz",
      "integrity": "sha512-FMdVn84tJJdV+xe+53sYiZS4R5yn1mAIxfj+DVoNiQjTYz1+OYmjwEZr1ev9nU0axXwda0QDbYl06QHanRVH3A=="
    },
    "debug": {
      "version": "2.6.9",
      "resolved": "https://registry.npmjs.org/debug/-/debug-2.6.9.tgz",
      "integrity": "sha512-bC7ElrdJaJnPbAP+1EotYvqZsb3ecl5wi6Bfi6BJTUcNowp6cvspg0jXznRTKDjm/E7AdgFBVeAPVMNcKGsHMA==",
      "requires": {
        "ms": "2.0.0"
      }
    },
    "file-essentials": {
      "version": "0.0.13",
      "resolved": "https://registry.npmjs.org/file-essentials/-/file-essentials-0.0.13.tgz",
      "integrity": "sha512-VL2uH9BshCqdJ3yERFZg6Qt6pVotKwGSRtrGNmTJXcm01sG9CrJMV3FjoZ2rJnpWC6lwC+ddQVHX1GlSDIpuVA=="
    },
    "hitchy": {
      "version": "0.4.0",
      "resolved": "https://registry.npmjs.org/hitchy/-/hitchy-0.4.0.tgz",
      "integrity": "sha512-v5vc6FariUSvitXmv2cJUA2fN9JnkgjF5AnUZiG7yMLAK4a6+no5/gSxZY76gjRerLkFOf27jhrwA0WMgHdZ3A==",
      "requires": {
        "@types/node": "^12.7.5",
        "debug": "^2.6.0",
        "file-essentials": "0.0.13",
        "minimist": "^1.2.0",
        "path-to-regexp": "^1.7.0"
      }
    },
    "isarray": {
      "version": "0.0.1",
      "resolved": "https://registry.npmjs.org/isarray/-/isarray-0.0.1.tgz",
      "integrity": "sha1-ihis/Kmo9Bd+Cav8YDiTmwXR7t8="
    },
    "minimist": {
      "version": "1.2.0",
      "resolved": "https://registry.npmjs.org/minimist/-/minimist-1.2.0.tgz",
      "integrity": "sha1-o1AIsg9BOD7sH7kU9M1d95omQoQ="
    },
    "ms": {
      "version": "2.0.0",
      "resolved": "https://registry.npmjs.org/ms/-/ms-2.0.0.tgz",
      "integrity": "sha1-VgiurfwAvmwpAd9fmGF4jeDVl8g="
    },
    "path-to-regexp": {
      "version": "1.7.0",
      "resolved": "https://registry.npmjs.org/path-to-regexp/-/path-to-regexp-1.7.0.tgz",
      "integrity": "sha1-Wf3g9DW62suhA6hOnTvGTpa5k30=",
      "requires": {
        "isarray": "0.0.1"
      }
    }
  }
}
